
Microsoft Visual Studio Solution File, Format Version 12.00
# Visual Studio Version 17
VisualStudioVersion = 17.6.33723.286
MinimumVisualStudioVersion = 10.0.40219.1
Project("{FAE04EC0-301F-11D3-BF4B-00C04F79EFBC}") = "TimeTrackerAPI", "TimeTrackerAPI\TimeTrackerAPI.csproj", "{58316BAA-8CB8-41A7-8B9F-1EB84A97332C}"
EndProject
Global
	GlobalSection(SolutionConfigurationPlatforms) = preSolution
		Debug|Any CPU = Debug|Any CPU
		Release|Any CPU = Release|Any CPU
	EndGlobalSection
	GlobalSection(ProjectConfigurationPlatforms) = postSolution
		{58316BAA-8CB8-41A7-8B9F-1EB84A97332C}.Debug|Any CPU.ActiveCfg = Debug|Any CPU
		{58316BAA-8CB8-41A7-8B9F-1EB84A97332C}.Debug|Any CPU.Build.0 = Debug|Any CPU
		{58316BAA-8CB8-41A7-8B9F-1EB84A97332C}.Release|Any CPU.ActiveCfg = Release|Any CPU
		{58316BAA-8CB8-41A7-8B9F-1EB84A97332C}.Release|Any CPU.Build.0 = Release|Any CPU
	EndGlobalSection
	GlobalSection(SolutionProperties) = preSolution
		HideSolutionNode = FALSE
	EndGlobalSection
	GlobalSection(ExtensibilityGlobals) = postSolution
		SolutionGuid = {E4DD7EE0-7A5F-4FBA-8FD3-2A0A9A033530}
	EndGlobalSection
EndGlobal
